// !$*UTF8*$!
{
	archiveVersion = 1;
	classes = {
	};
	objectVersion = 48;
	objects = {

/* Begin PBXBuildFile section */
		0DC81C6C20755EC3006FF545 /* FavCustomTableViewCell.swift in Sources */ = {isa = PBXBuildFile; fileRef = 0DC81C6B20755EC3006FF545 /* FavCustomTableViewCell.swift */; };
		CE0EA3E5206CFBA2009188C4 /* UserManager.swift in Sources */ = {isa = PBXBuildFile; fileRef = CE0EA3E4206CFBA2009188C4 /* UserManager.swift */; };
		CE0EA3E7206D0BF9009188C4 /* CountryessViewController.swift in Sources */ = {isa = PBXBuildFile; fileRef = CE0EA3E6206D0BF9009188C4 /* CountryessViewController.swift */; };
		CE0EA3EB206D0E24009188C4 /* Country.swift in Sources */ = {isa = PBXBuildFile; fileRef = CE0EA3EA206D0E24009188C4 /* Country.swift */; };
		CE0EA3F1206D201E009188C4 /* CountryInfoViewController.swift in Sources */ = {isa = PBXBuildFile; fileRef = CE0EA3F0206D201E009188C4 /* CountryInfoViewController.swift */; };
		CE22F350205A92B2005FDC00 /* AppDelegate.swift in Sources */ = {isa = PBXBuildFile; fileRef = CE22F34F205A92B2005FDC00 /* AppDelegate.swift */; };
		CE22F352205A92B2005FDC00 /* ViewController.swift in Sources */ = {isa = PBXBuildFile; fileRef = CE22F351205A92B2005FDC00 /* ViewController.swift */; };
		CE22F355205A92B2005FDC00 /* Main.storyboard in Resources */ = {isa = PBXBuildFile; fileRef = CE22F353205A92B2005FDC00 /* Main.storyboard */; };
		CE22F358205A92B2005FDC00 /* swiftCourse.xcdatamodeld in Sources */ = {isa = PBXBuildFile; fileRef = CE22F356205A92B2005FDC00 /* swiftCourse.xcdatamodeld */; };
		CE22F35A205A92B2005FDC00 /* Assets.xcassets in Resources */ = {isa = PBXBuildFile; fileRef = CE22F359205A92B2005FDC00 /* Assets.xcassets */; };
		CE22F35D205A92B2005FDC00 /* LaunchScreen.storyboard in Resources */ = {isa = PBXBuildFile; fileRef = CE22F35B205A92B2005FDC00 /* LaunchScreen.storyboard */; };
		CE22F368205A92B3005FDC00 /* swiftCourseTests.swift in Sources */ = {isa = PBXBuildFile; fileRef = CE22F367205A92B3005FDC00 /* swiftCourseTests.swift */; };
		CE22F373205A92B3005FDC00 /* swiftCourseUITests.swift in Sources */ = {isa = PBXBuildFile; fileRef = CE22F372205A92B3005FDC00 /* swiftCourseUITests.swift */; };
		CE22F381205A9ECE005FDC00 /* DataStorage.swift in Sources */ = {isa = PBXBuildFile; fileRef = CE22F380205A9ECE005FDC00 /* DataStorage.swift */; };
		CE22F383205A9EF4005FDC00 /* City.swift in Sources */ = {isa = PBXBuildFile; fileRef = CE22F382205A9EF4005FDC00 /* City.swift */; };
		CE2721DC206F4A7E00BA97FD /* CountryViewController.swift in Sources */ = {isa = PBXBuildFile; fileRef = CE2721DB206F4A7E00BA97FD /* CountryViewController.swift */; };
		CE2721DE206F67EB00BA97FD /* FavouritesCitiesViewController.swift in Sources */ = {isa = PBXBuildFile; fileRef = CE2721DD206F67EB00BA97FD /* FavouritesCitiesViewController.swift */; };
		CE3B40A12063BF5500B4C9AE /* CustomTableViewCell.swift in Sources */ = {isa = PBXBuildFile; fileRef = CE3B40A02063BF5500B4C9AE /* CustomTableViewCell.swift */; };
		CE3B40A72063CCED00B4C9AE /* ProfileViewController.swift in Sources */ = {isa = PBXBuildFile; fileRef = CE3B40A62063CCED00B4C9AE /* ProfileViewController.swift */; };
		CE3B40AB2063D4C100B4C9AE /* User.swift in Sources */ = {isa = PBXBuildFile; fileRef = CE3B40AA2063D4C100B4C9AE /* User.swift */; };
		CE62037F205CD99000B6E5FF /* CityViewController.swift in Sources */ = {isa = PBXBuildFile; fileRef = CE62037E205CD99000B6E5FF /* CityViewController.swift */; };
/* End PBXBuildFile section */

/* Begin PBXContainerItemProxy section */
		CE22F364205A92B2005FDC00 /* PBXContainerItemProxy */ = {
			isa = PBXContainerItemProxy;
			containerPortal = CE22F344205A92B2005FDC00 /* Project object */;
			proxyType = 1;
			remoteGlobalIDString = CE22F34B205A92B2005FDC00;
			remoteInfo = swiftCourse;
		};
		CE22F36F205A92B3005FDC00 /* PBXContainerItemProxy */ = {
			isa = PBXContainerItemProxy;
			containerPortal = CE22F344205A92B2005FDC00 /* Project object */;
			proxyType = 1;
			remoteGlobalIDString = CE22F34B205A92B2005FDC00;
			remoteInfo = swiftCourse;
		};
/* End PBXContainerItemProxy section */

/* Begin PBXFileReference section */
		0DC81C6B20755EC3006FF545 /* FavCustomTableViewCell.swift */ = {isa = PBXFileReference; lastKnownFileType = sourcecode.swift; path = FavCustomTableViewCell.swift; sourceTree = "<group>"; };
		CE0EA3E4206CFBA2009188C4 /* UserManager.swift */ = {isa = PBXFileReference; lastKnownFileType = sourcecode.swift; path = UserManager.swift; sourceTree = "<group>"; };
		CE0EA3E6206D0BF9009188C4 /* CountryessViewController.swift */ = {isa = PBXFileReference; lastKnownFileType = sourcecode.swift; path = CountryessViewController.swift; sourceTree = "<group>"; };
		CE0EA3EA206D0E24009188C4 /* Country.swift */ = {isa = PBXFileReference; lastKnownFileType = sourcecode.swift; path = Country.swift; sourceTree = "<group>"; };
		CE0EA3F0206D201E009188C4 /* CountryInfoViewController.swift */ = {isa = PBXFileReference; lastKnownFileType = sourcecode.swift; path = CountryInfoViewController.swift; sourceTree = "<group>"; };
		CE22F34C205A92B2005FDC00 /* swiftCourse.app */ = {isa = PBXFileReference; explicitFileType = wrapper.application; includeInIndex = 0; path = swiftCourse.app; sourceTree = BUILT_PRODUCTS_DIR; };
		CE22F34F205A92B2005FDC00 /* AppDelegate.swift */ = {isa = PBXFileReference; lastKnownFileType = sourcecode.swift; path = AppDelegate.swift; sourceTree = "<group>"; };
		CE22F351205A92B2005FDC00 /* ViewController.swift */ = {isa = PBXFileReference; lastKnownFileType = sourcecode.swift; path = ViewController.swift; sourceTree = "<group>"; };
		CE22F354205A92B2005FDC00 /* Base */ = {isa = PBXFileReference; lastKnownFileType = file.storyboard; name = Base; path = Base.lproj/Main.storyboard; sourceTree = "<group>"; };
		CE22F357205A92B2005FDC00 /* swiftCourse.xcdatamodel */ = {isa = PBXFileReference; lastKnownFileType = wrapper.xcdatamodel; path = swiftCourse.xcdatamodel; sourceTree = "<group>"; };
		CE22F359205A92B2005FDC00 /* Assets.xcassets */ = {isa = PBXFileReference; lastKnownFileType = folder.assetcatalog; path = Assets.xcassets; sourceTree = "<group>"; };
		CE22F35C205A92B2005FDC00 /* Base */ = {isa = PBXFileReference; lastKnownFileType = file.storyboard; name = Base; path = Base.lproj/LaunchScreen.storyboard; sourceTree = "<group>"; };
		CE22F35E205A92B2005FDC00 /* Info.plist */ = {isa = PBXFileReference; lastKnownFileType = text.plist.xml; path = Info.plist; sourceTree = "<group>"; };
		CE22F363205A92B2005FDC00 /* swiftCourseTests.xctest */ = {isa = PBXFileReference; explicitFileType = wrapper.cfbundle; includeInIndex = 0; path = swiftCourseTests.xctest; sourceTree = BUILT_PRODUCTS_DIR; };
		CE22F367205A92B3005FDC00 /* swiftCourseTests.swift */ = {isa = PBXFileReference; lastKnownFileType = sourcecode.swift; path = swiftCourseTests.swift; sourceTree = "<group>"; };
		CE22F369205A92B3005FDC00 /* Info.plist */ = {isa = PBXFileReference; lastKnownFileType = text.plist.xml; path = Info.plist; sourceTree = "<group>"; };
		CE22F36E205A92B3005FDC00 /* swiftCourseUITests.xctest */ = {isa = PBXFileReference; explicitFileType = wrapper.cfbundle; includeInIndex = 0; path = swiftCourseUITests.xctest; sourceTree = BUILT_PRODUCTS_DIR; };
		CE22F372205A92B3005FDC00 /* swiftCourseUITests.swift */ = {isa = PBXFileReference; lastKnownFileType = sourcecode.swift; path = swiftCourseUITests.swift; sourceTree = "<group>"; };
		CE22F374205A92B3005FDC00 /* Info.plist */ = {isa = PBXFileReference; lastKnownFileType = text.plist.xml; path = Info.plist; sourceTree = "<group>"; };
		CE22F380205A9ECE005FDC00 /* DataStorage.swift */ = {isa = PBXFileReference; lastKnownFileType = sourcecode.swift; path = DataStorage.swift; sourceTree = "<group>"; };
		CE22F382205A9EF4005FDC00 /* City.swift */ = {isa = PBXFileReference; lastKnownFileType = sourcecode.swift; path = City.swift; sourceTree = "<group>"; };
		CE2721DB206F4A7E00BA97FD /* CountryViewController.swift */ = {isa = PBXFileReference; lastKnownFileType = sourcecode.swift; path = CountryViewController.swift; sourceTree = "<group>"; };
		CE2721DD206F67EB00BA97FD /* FavouritesCitiesViewController.swift */ = {isa = PBXFileReference; lastKnownFileType = sourcecode.swift; path = FavouritesCitiesViewController.swift; sourceTree = "<group>"; };
		CE3B40A02063BF5500B4C9AE /* CustomTableViewCell.swift */ = {isa = PBXFileReference; lastKnownFileType = sourcecode.swift; path = CustomTableViewCell.swift; sourceTree = "<group>"; };
		CE3B40A62063CCED00B4C9AE /* ProfileViewController.swift */ = {isa = PBXFileReference; lastKnownFileType = sourcecode.swift; path = ProfileViewController.swift; sourceTree = "<group>"; };
		CE3B40AA2063D4C100B4C9AE /* User.swift */ = {isa = PBXFileReference; lastKnownFileType = sourcecode.swift; path = User.swift; sourceTree = "<group>"; };
		CE62037E205CD99000B6E5FF /* CityViewController.swift */ = {isa = PBXFileReference; lastKnownFileType = sourcecode.swift; path = CityViewController.swift; sourceTree = "<group>"; };
/* End PBXFileReference section */

/* Begin PBXFrameworksBuildPhase section */
		CE22F349205A92B2005FDC00 /* Frameworks */ = {
			isa = PBXFrameworksBuildPhase;
			buildActionMask = 2147483647;
			files = (
			);
			runOnlyForDeploymentPostprocessing = 0;
		};
		CE22F360205A92B2005FDC00 /* Frameworks */ = {
			isa = PBXFrameworksBuildPhase;
			buildActionMask = 2147483647;
			files = (
			);
			runOnlyForDeploymentPostprocessing = 0;
		};
		CE22F36B205A92B3005FDC00 /* Frameworks */ = {
			isa = PBXFrameworksBuildPhase;
			buildActionMask = 2147483647;
			files = (
			);
			runOnlyForDeploymentPostprocessing = 0;
		};
/* End PBXFrameworksBuildPhase section */

/* Begin PBXGroup section */
		0DC81C6D207622F9006FF545 /* New Group */ = {
			isa = PBXGroup;
			children = (
				CE0EA3E6206D0BF9009188C4 /* CountryessViewController.swift */,
			);
			path = "New Group";
			sourceTree = "<group>";
		};
		CE0EA3EC206D1734009188C4 /* ViewControllers */ = {
			isa = PBXGroup;
			children = (
				CE22F351205A92B2005FDC00 /* ViewController.swift */,
				CE62037E205CD99000B6E5FF /* CityViewController.swift */,
				CE2721DD206F67EB00BA97FD /* FavouritesCitiesViewController.swift */,
				CE3B40A62063CCED00B4C9AE /* ProfileViewController.swift */,
				CE0EA3F0206D201E009188C4 /* CountryInfoViewController.swift */,
				CE2721DB206F4A7E00BA97FD /* CountryViewController.swift */,
			);
			path = ViewControllers;
			sourceTree = "<group>";
		};
		CE0EA3EE206D175F009188C4 /* Cities & Counrties */ = {
			isa = PBXGroup;
			children = (
				CE22F380205A9ECE005FDC00 /* DataStorage.swift */,
				CE22F382205A9EF4005FDC00 /* City.swift */,
				CE0EA3EA206D0E24009188C4 /* Country.swift */,
			);
			path = "Cities & Counrties";
			sourceTree = "<group>";
		};
		CE0EA3EF206D1783009188C4 /* User & User Manager */ = {
			isa = PBXGroup;
			children = (
				CE0EA3E4206CFBA2009188C4 /* UserManager.swift */,
				CE3B40AA2063D4C100B4C9AE /* User.swift */,
			);
			path = "User & User Manager";
			sourceTree = "<group>";
		};
		CE22F343205A92B2005FDC00 = {
			isa = PBXGroup;
			children = (
				CE22F34E205A92B2005FDC00 /* swiftCourse */,
				CE22F366205A92B3005FDC00 /* swiftCourseTests */,
				CE22F371205A92B3005FDC00 /* swiftCourseUITests */,
				CE22F34D205A92B2005FDC00 /* Products */,
				0DC81C6D207622F9006FF545 /* New Group */,
			);
			sourceTree = "<group>";
		};
		CE22F34D205A92B2005FDC00 /* Products */ = {
			isa = PBXGroup;
			children = (
				CE22F34C205A92B2005FDC00 /* swiftCourse.app */,
				CE22F363205A92B2005FDC00 /* swiftCourseTests.xctest */,
				CE22F36E205A92B3005FDC00 /* swiftCourseUITests.xctest */,
			);
			name = Products;
			sourceTree = "<group>";
		};
		CE22F34E205A92B2005FDC00 /* swiftCourse */ = {
			isa = PBXGroup;
			children = (
				CE22F34F205A92B2005FDC00 /* AppDelegate.swift */,
				CE3B40A02063BF5500B4C9AE /* CustomTableViewCell.swift */,
				0DC81C6B20755EC3006FF545 /* FavCustomTableViewCell.swift */,
				CE0EA3EF206D1783009188C4 /* User & User Manager */,
				CE0EA3EE206D175F009188C4 /* Cities & Counrties */,
				CE0EA3EC206D1734009188C4 /* ViewControllers */,
				CE22F353205A92B2005FDC00 /* Main.storyboard */,
				CE22F359205A92B2005FDC00 /* Assets.xcassets */,
				CE22F35B205A92B2005FDC00 /* LaunchScreen.storyboard */,
				CE22F35E205A92B2005FDC00 /* Info.plist */,
				CE22F356205A92B2005FDC00 /* swiftCourse.xcdatamodeld */,
			);
			path = swiftCourse;
			sourceTree = "<group>";
		};
		CE22F366205A92B3005FDC00 /* swiftCourseTests */ = {
			isa = PBXGroup;
			children = (
				CE22F367205A92B3005FDC00 /* swiftCourseTests.swift */,
				CE22F369205A92B3005FDC00 /* Info.plist */,
			);
			path = swiftCourseTests;
			sourceTree = "<group>";
		};
		CE22F371205A92B3005FDC00 /* swiftCourseUITests */ = {
			isa = PBXGroup;
			children = (
				CE22F372205A92B3005FDC00 /* swiftCourseUITests.swift */,
				CE22F374205A92B3005FDC00 /* Info.plist */,
			);
			path = swiftCourseUITests;
			sourceTree = "<group>";
		};
/* End PBXGroup section */

/* Begin PBXNativeTarget section */
		CE22F34B205A92B2005FDC00 /* swiftCourse */ = {
			isa = PBXNativeTarget;
			buildConfigurationList = CE22F377205A92B3005FDC00 /* Build configuration list for PBXNativeTarget "swiftCourse" */;
			buildPhases = (
				CE22F348205A92B2005FDC00 /* Sources */,
				CE22F349205A92B2005FDC00 /* Frameworks */,
				CE22F34A205A92B2005FDC00 /* Resources */,
			);
			buildRules = (
			);
			dependencies = (
			);
			name = swiftCourse;
			productName = swiftCourse;
			productReference = CE22F34C205A92B2005FDC00 /* swiftCourse.app */;
			productType = "com.apple.product-type.application";
		};
		CE22F362205A92B2005FDC00 /* swiftCourseTests */ = {
			isa = PBXNativeTarget;
			buildConfigurationList = CE22F37A205A92B3005FDC00 /* Build configuration list for PBXNativeTarget "swiftCourseTests" */;
			buildPhases = (
				CE22F35F205A92B2005FDC00 /* Sources */,
				CE22F360205A92B2005FDC00 /* Frameworks */,
				CE22F361205A92B2005FDC00 /* Resources */,
			);
			buildRules = (
			);
			dependencies = (
				CE22F365205A92B2005FDC00 /* PBXTargetDependency */,
			);
			name = swiftCourseTests;
			productName = swiftCourseTests;
			productReference = CE22F363205A92B2005FDC00 /* swiftCourseTests.xctest */;
			productType = "com.apple.product-type.bundle.unit-test";
		};
		CE22F36D205A92B3005FDC00 /* swiftCourseUITests */ = {
			isa = PBXNativeTarget;
			buildConfigurationList = CE22F37D205A92B3005FDC00 /* Build configuration list for PBXNativeTarget "swiftCourseUITests" */;
			buildPhases = (
				CE22F36A205A92B3005FDC00 /* Sources */,
				CE22F36B205A92B3005FDC00 /* Frameworks */,
				CE22F36C205A92B3005FDC00 /* Resources */,
			);
			buildRules = (
			);
			dependencies = (
				CE22F370205A92B3005FDC00 /* PBXTargetDependency */,
			);
			name = swiftCourseUITests;
			productName = swiftCourseUITests;
			productReference = CE22F36E205A92B3005FDC00 /* swiftCourseUITests.xctest */;
			productType = "com.apple.product-type.bundle.ui-testing";
		};
/* End PBXNativeTarget section */

/* Begin PBXProject section */
		CE22F344205A92B2005FDC00 /* Project object */ = {
			isa = PBXProject;
			attributes = {
				LastSwiftUpdateCheck = 0920;
				LastUpgradeCheck = 0930;
				ORGANIZATIONNAME = user;
				TargetAttributes = {
					CE22F34B205A92B2005FDC00 = {
						CreatedOnToolsVersion = 9.2;
						ProvisioningStyle = Automatic;
					};
					CE22F362205A92B2005FDC00 = {
						CreatedOnToolsVersion = 9.2;
						ProvisioningStyle = Automatic;
						TestTargetID = CE22F34B205A92B2005FDC00;
					};
					CE22F36D205A92B3005FDC00 = {
						CreatedOnToolsVersion = 9.2;
						ProvisioningStyle = Automatic;
						TestTargetID = CE22F34B205A92B2005FDC00;
					};
				};
			};
			buildConfigurationList = CE22F347205A92B2005FDC00 /* Build configuration list for PBXProject "swiftCourse" */;
			compatibilityVersion = "Xcode 8.0";
			developmentRegion = en;
			hasScannedForEncodings = 0;
			knownRegions = (
				en,
				Base,
			);
			mainGroup = CE22F343205A92B2005FDC00;
			productRefGroup = CE22F34D205A92B2005FDC00 /* Products */;
			projectDirPath = "";
			projectRoot = "";
			targets = (
				CE22F34B205A92B2005FDC00 /* swiftCourse */,
				CE22F362205A92B2005FDC00 /* swiftCourseTests */,
				CE22F36D205A92B3005FDC00 /* swiftCourseUITests */,
			);
		};
/* End PBXProject section */

/* Begin PBXResourcesBuildPhase section */
		CE22F34A205A92B2005FDC00 /* Resources */ = {
			isa = PBXResourcesBuildPhase;
			buildActionMask = 2147483647;
			files = (
				CE22F35D205A92B2005FDC00 /* LaunchScreen.storyboard in Resources */,
				CE22F35A205A92B2005FDC00 /* Assets.xcassets in Resources */,
				CE22F355205A92B2005FDC00 /* Main.storyboard in Resources */,
			);
			runOnlyForDeploymentPostprocessing = 0;
		};
		CE22F361205A92B2005FDC00 /* Resources */ = {
			isa = PBXResourcesBuildPhase;
			buildActionMask = 2147483647;
			files = (
			);
			runOnlyForDeploymentPostprocessing = 0;
		};
		CE22F36C205A92B3005FDC00 /* Resources */ = {
			isa = PBXResourcesBuildPhase;
			buildActionMask = 2147483647;
			files = (
			);
			runOnlyForDeploymentPostprocessing = 0;
		};
/* End PBXResourcesBuildPhase section */

/* Begin PBXSourcesBuildPhase section */
		CE22F348205A92B2005FDC00 /* Sources */ = {
			isa = PBXSourcesBuildPhase;
			buildActionMask = 2147483647;
			files = (
				CE22F352205A92B2005FDC00 /* ViewController.swift in Sources */,
				CE0EA3F1206D201E009188C4 /* CountryInfoViewController.swift in Sources */,
				0DC81C6C20755EC3006FF545 /* FavCustomTableViewCell.swift in Sources */,
				CE22F383205A9EF4005FDC00 /* City.swift in Sources */,
				CE22F350205A92B2005FDC00 /* AppDelegate.swift in Sources */,
				CE3B40A12063BF5500B4C9AE /* CustomTableViewCell.swift in Sources */,
				CE2721DE206F67EB00BA97FD /* FavouritesCitiesViewController.swift in Sources */,
				CE0EA3EB206D0E24009188C4 /* Country.swift in Sources */,
				CE22F358205A92B2005FDC00 /* swiftCourse.xcdatamodeld in Sources */,
				CE0EA3E7206D0BF9009188C4 /* CountryessViewController.swift in Sources */,
				CE3B40AB2063D4C100B4C9AE /* User.swift in Sources */,
				CE22F381205A9ECE005FDC00 /* DataStorage.swift in Sources */,
				CE3B40A72063CCED00B4C9AE /* ProfileViewController.swift in Sources */,
				CE2721DC206F4A7E00BA97FD /* CountryViewController.swift in Sources */,
				CE0EA3E5206CFBA2009188C4 /* UserManager.swift in Sources */,
				CE62037F205CD99000B6E5FF /* CityViewController.swift in Sources */,
			);
			runOnlyForDeploymentPostprocessing = 0;
		};
		CE22F35F205A92B2005FDC00 /* Sources */ = {
			isa = PBXSourcesBuildPhase;
			buildActionMask = 2147483647;
			files = (
				CE22F368205A92B3005FDC00 /* swiftCourseTests.swift in Sources */,
			);
			runOnlyForDeploymentPostprocessing = 0;
		};
		CE22F36A205A92B3005FDC00 /* Sources */ = {
			isa = PBXSourcesBuildPhase;
			buildActionMask = 2147483647;
			files = (
				CE22F373205A92B3005FDC00 /* swiftCourseUITests.swift in Sources */,
			);
			runOnlyForDeploymentPostprocessing = 0;
		};
/* End PBXSourcesBuildPhase section */

/* Begin PBXTargetDependency section */
		CE22F365205A92B2005FDC00 /* PBXTargetDependency */ = {
			isa = PBXTargetDependency;
			target = CE22F34B205A92B2005FDC00 /* swiftCourse */;
			targetProxy = CE22F364205A92B2005FDC00 /* PBXContainerItemProxy */;
		};
		CE22F370205A92B3005FDC00 /* PBXTargetDependency */ = {
			isa = PBXTargetDependency;
			target = CE22F34B205A92B2005FDC00 /* swiftCourse */;
			targetProxy = CE22F36F205A92B3005FDC00 /* PBXContainerItemProxy */;
		};
/* End PBXTargetDependency section */

/* Begin PBXVariantGroup section */
		CE22F353205A92B2005FDC00 /* Main.storyboard */ = {
			isa = PBXVariantGroup;
			children = (
				CE22F354205A92B2005FDC00 /* Base */,
			);
			name = Main.storyboard;
			sourceTree = "<group>";
		};
		CE22F35B205A92B2005FDC00 /* LaunchScreen.storyboard */ = {
			isa = PBXVariantGroup;
			children = (
				CE22F35C205A92B2005FDC00 /* Base */,
			);
			name = LaunchScreen.storyboard;
			sourceTree = "<group>";
		};
/* End PBXVariantGroup section */

/* Begin XCBuildConfiguration section */
		CE22F375205A92B3005FDC00 /* Debug */ = {
			isa = XCBuildConfiguration;
			buildSettings = {
				ALWAYS_SEARCH_USER_PATHS = NO;
				CLANG_ANALYZER_NONNULL = YES;
				CLANG_ANALYZER_NUMBER_OBJECT_CONVERSION = YES_AGGRESSIVE;
				CLANG_CXX_LANGUAGE_STANDARD = "gnu++14";
				CLANG_CXX_LIBRARY = "libc++";
				CLANG_ENABLE_MODULES = YES;
				CLANG_ENABLE_OBJC_ARC = YES;
				CLANG_WARN_BLOCK_CAPTURE_AUTORELEASING = YES;
				CLANG_WARN_BOOL_CONVERSION = YES;
				CLANG_WARN_COMMA = YES;
				CLANG_WARN_CONSTANT_CONVERSION = YES;
				CLANG_WARN_DEPRECATED_OBJC_IMPLEMENTATIONS = YES;
				CLANG_WARN_DIRECT_OBJC_ISA_USAGE = YES_ERROR;
				CLANG_WARN_DOCUMENTATION_COMMENTS = YES;
				CLANG_WARN_EMPTY_BODY = YES;
				CLANG_WARN_ENUM_CONVERSION = YES;
				CLANG_WARN_INFINITE_RECURSION = YES;
				CLANG_WARN_INT_CONVERSION = YES;
				CLANG_WARN_NON_LITERAL_NULL_CONVERSION = YES;
				CLANG_WARN_OBJC_IMPLICIT_RETAIN_SELF = YES;
				CLANG_WARN_OBJC_LITERAL_CONVERSION = YES;
				CLANG_WARN_OBJC_ROOT_CLASS = YES_ERROR;
				CLANG_WARN_RANGE_LOOP_ANALYSIS = YES;
				CLANG_WARN_STRICT_PROTOTYPES = YES;
				CLANG_WARN_SUSPICIOUS_MOVE = YES;
				CLANG_WARN_UNGUARDED_AVAILABILITY = YES_AGGRESSIVE;
				CLANG_WARN_UNREACHABLE_CODE = YES;
				CLANG_WARN__DUPLICATE_METHOD_MATCH = YES;
				CODE_SIGN_IDENTITY = "iPhone Developer";
				COPY_PHASE_STRIP = NO;
				DEBUG_INFORMATION_FORMAT = dwarf;
				ENABLE_STRICT_OBJC_MSGSEND = YES;
				ENABLE_TESTABILITY = YES;
				GCC_C_LANGUAGE_STANDARD = gnu11;
				GCC_DYNAMIC_NO_PIC = NO;
				GCC_NO_COMMON_BLOCKS = YES;
				GCC_OPTIMIZATION_LEVEL = 0;
				GCC_PREPROCESSOR_DEFINITIONS = (
					"DEBUG=1",
					"$(inherited)",
				);
				GCC_WARN_64_TO_32_BIT_CONVERSION = YES;
				GCC_WARN_ABOUT_RETURN_TYPE = YES_ERROR;
				GCC_WARN_UNDECLARED_SELECTOR = YES;
				GCC_WARN_UNINITIALIZED_AUTOS = YES_AGGRESSIVE;
				GCC_WARN_UNUSED_FUNCTION = YES;
				GCC_WARN_UNUSED_VARIABLE = YES;
				IPHONEOS_DEPLOYMENT_TARGET = 11.2;
				MTL_ENABLE_DEBUG_INFO = YES;
				ONLY_ACTIVE_ARCH = YES;
				SDKROOT = iphoneos;
				SWIFT_ACTIVE_COMPILATION_CONDITIONS = DEBUG;
				SWIFT_OPTIMIZATION_LEVEL = "-Onone";
			};
			name = Debug;
		};
		CE22F376205A92B3005FDC00 /* Release */ = {
			isa = XCBuildConfiguration;
			buildSettings = {
				ALWAYS_SEARCH_USER_PATHS = NO;
				CLANG_ANALYZER_NONNULL = YES;
				CLANG_ANALYZER_NUMBER_OBJECT_CONVERSION = YES_AGGRESSIVE;
				CLANG_CXX_LANGUAGE_STANDARD = "gnu++14";
				CLANG_CXX_LIBRARY = "libc++";
				CLANG_ENABLE_MODULES = YES;
				CLANG_ENABLE_OBJC_ARC = YES;
				CLANG_WARN_BLOCK_CAPTURE_AUTORELEASING = YES;
				CLANG_WARN_BOOL_CONVERSION = YES;
				CLANG_WARN_COMMA = YES;
				CLANG_WARN_CONSTANT_CONVERSION = YES;
				CLANG_WARN_DEPRECATED_OBJC_IMPLEMENTATIONS = YES;
				CLANG_WARN_DIRECT_OBJC_ISA_USAGE = YES_ERROR;
				CLANG_WARN_DOCUMENTATION_COMMENTS = YES;
				CLANG_WARN_EMPTY_BODY = YES;
				CLANG_WARN_ENUM_CONVERSION = YES;
				CLANG_WARN_INFINITE_RECURSION = YES;
				CLANG_WARN_INT_CONVERSION = YES;
				CLANG_WARN_NON_LITERAL_NULL_CONVERSION = YES;
				CLANG_WARN_OBJC_IMPLICIT_RETAIN_SELF = YES;
				CLANG_WARN_OBJC_LITERAL_CONVERSION = YES;
				CLANG_WARN_OBJC_ROOT_CLASS = YES_ERROR;
				CLANG_WARN_RANGE_LOOP_ANALYSIS = YES;
				CLANG_WARN_STRICT_PROTOTYPES = YES;
				CLANG_WARN_SUSPICIOUS_MOVE = YES;
				CLANG_WARN_UNGUARDED_AVAILABILITY = YES_AGGRESSIVE;
				CLANG_WARN_UNREACHABLE_CODE = YES;
				CLANG_WARN__DUPLICATE_METHOD_MATCH = YES;
				CODE_SIGN_IDENTITY = "iPhone Developer";
				COPY_PHASE_STRIP = NO;
				DEBUG_INFORMATION_FORMAT = "dwarf-with-dsym";
				ENABLE_NS_ASSERTIONS = NO;
				ENABLE_STRICT_OBJC_MSGSEND = YES;
				GCC_C_LANGUAGE_STANDARD = gnu11;
				GCC_NO_COMMON_BLOCKS = YES;
				GCC_WARN_64_TO_32_BIT_CONVERSION = YES;
				GCC_WARN_ABOUT_RETURN_TYPE = YES_ERROR;
				GCC_WARN_UNDECLARED_SELECTOR = YES;
				GCC_WARN_UNINITIALIZED_AUTOS = YES_AGGRESSIVE;
				GCC_WARN_UNUSED_FUNCTION = YES;
				GCC_WARN_UNUSED_VARIABLE = YES;
				IPHONEOS_DEPLOYMENT_TARGET = 11.2;
				MTL_ENABLE_DEBUG_INFO = NO;
				SDKROOT = iphoneos;
				SWIFT_OPTIMIZATION_LEVEL = "-Owholemodule";
				VALIDATE_PRODUCT = YES;
			};
			name = Release;
		};
		CE22F378205A92B3005FDC00 /* Debug */ = {
			isa = XCBuildConfiguration;
			buildSettings = {
				ASSETCATALOG_COMPILER_APPICON_NAME = AppIcon;
				CODE_SIGN_STYLE = Automatic;
				INFOPLIST_FILE = swiftCourse/Info.plist;
				LD_RUNPATH_SEARCH_PATHS = "$(inherited) @executable_path/Frameworks";
				PRODUCT_BUNDLE_IDENTIFIER = com.user.swiftCourse;
				PRODUCT_NAME = "$(TARGET_NAME)";
				SWIFT_VERSION = 4.0;
				TARGETED_DEVICE_FAMILY = "1,2";
			};
			name = Debug;
		};
		CE22F379205A92B3005FDC00 /* Release */ = {
			isa = XCBuildConfiguration;
			buildSettings = {
				ASSETCATALOG_COMPILER_APPICON_NAME = AppIcon;
				CODE_SIGN_STYLE = Automatic;
				INFOPLIST_FILE = swiftCourse/Info.plist;
				LD_RUNPATH_SEARCH_PATHS = "$(inherited) @executable_path/Frameworks";
				PRODUCT_BUNDLE_IDENTIFIER = com.user.swiftCourse;
				PRODUCT_NAME = "$(TARGET_NAME)";
				SWIFT_VERSION = 4.0;
				TARGETED_DEVICE_FAMILY = "1,2";
			};
			name = Release;
		};
		CE22F37B205A92B3005FDC00 /* Debug */ = {
			isa = XCBuildConfiguration;
			buildSettings = {
				ALWAYS_EMBED_SWIFT_STANDARD_LIBRARIES = YES;
				BUNDLE_LOADER = "$(TEST_HOST)";
				CODE_SIGN_STYLE = Automatic;
				INFOPLIST_FILE = swiftCourseTests/Info.plist;
				LD_RUNPATH_SEARCH_PATHS = "$(inherited) @executable_path/Frameworks @loader_path/Frameworks";
				PRODUCT_BUNDLE_IDENTIFIER = com.user.swiftCourseTests;
				PRODUCT_NAME = "$(TARGET_NAME)";
				SWIFT_VERSION = 4.0;
				TARGETED_DEVICE_FAMILY = "1,2";
				TEST_HOST = "$(BUILT_PRODUCTS_DIR)/swiftCourse.app/swiftCourse";
			};
			name = Debug;
		};
		CE22F37C205A92B3005FDC00 /* Release */ = {
			isa = XCBuildConfiguration;
			buildSettings = {
				ALWAYS_EMBED_SWIFT_STANDARD_LIBRARIES = YES;
				BUNDLE_LOADER = "$(TEST_HOST)";
				CODE_SIGN_STYLE = Automatic;
				INFOPLIST_FILE = swiftCourseTests/Info.plist;
				LD_RUNPATH_SEARCH_PATHS = "$(inherited) @executable_path/Frameworks @loader_path/Frameworks";
				PRODUCT_BUNDLE_IDENTIFIER = com.user.swiftCourseTests;
				PRODUCT_NAME = "$(TARGET_NAME)";
				SWIFT_VERSION = 4.0;
				TARGETED_DEVICE_FAMILY = "1,2";
				TEST_HOST = "$(BUILT_PRODUCTS_DIR)/swiftCourse.app/swiftCourse";
			};
			name = Release;
		};
		CE22F37E205A92B3005FDC00 /* Debug */ = {
			isa = XCBuildConfiguration;
			buildSettings = {
				ALWAYS_EMBED_SWIFT_STANDARD_LIBRARIES = YES;
				CODE_SIGN_STYLE = Automatic;
				INFOPLIST_FILE = swiftCourseUITests/Info.plist;
				LD_RUNPATH_SEARCH_PATHS = "$(inherited) @executable_path/Frameworks @loader_path/Frameworks";
				PRODUCT_BUNDLE_IDENTIFIER = com.user.swiftCourseUITests;
				PRODUCT_NAME = "$(TARGET_NAME)";
				SWIFT_VERSION = 4.0;
				TARGETED_DEVICE_FAMILY = "1,2";
				TEST_TARGET_NAME = swiftCourse;
			};
			name = Debug;
		};
		CE22F37F205A92B3005FDC00 /* Release */ = {
			isa = XCBuildConfiguration;
			buildSettings = {
				ALWAYS_EMBED_SWIFT_STANDARD_LIBRARIES = YES;
				CODE_SIGN_STYLE = Automatic;
				INFOPLIST_FILE = swiftCourseUITests/Info.plist;
				LD_RUNPATH_SEARCH_PATHS = "$(inherited) @executable_path/Frameworks @loader_path/Frameworks";
				PRODUCT_BUNDLE_IDENTIFIER = com.user.swiftCourseUITests;
				PRODUCT_NAME = "$(TARGET_NAME)";
				SWIFT_VERSION = 4.0;
				TARGETED_DEVICE_FAMILY = "1,2";
				TEST_TARGET_NAME = swiftCourse;
			};
			name = Release;
		};
/* End XCBuildConfiguration section */

/* Begin XCConfigurationList section */
		CE22F347205A92B2005FDC00 /* Build configuration list for PBXProject "swiftCourse" */ = {
			isa = XCConfigurationList;
			buildConfigurations = (
				CE22F375205A92B3005FDC00 /* Debug */,
				CE22F376205A92B3005FDC00 /* Release */,
			);
			defaultConfigurationIsVisible = 0;
			defaultConfigurationName = Release;
		};
		CE22F377205A92B3005FDC00 /* Build configuration list for PBXNativeTarget "swiftCourse" */ = {
			isa = XCConfigurationList;
			buildConfigurations = (
				CE22F378205A92B3005FDC00 /* Debug */,
				CE22F379205A92B3005FDC00 /* Release */,
			);
			defaultConfigurationIsVisible = 0;
			defaultConfigurationName = Release;
		};
		CE22F37A205A92B3005FDC00 /* Build configuration list for PBXNativeTarget "swiftCourseTests" */ = {
			isa = XCConfigurationList;
			buildConfigurations = (
				CE22F37B205A92B3005FDC00 /* Debug */,
				CE22F37C205A92B3005FDC00 /* Release */,
			);
			defaultConfigurationIsVisible = 0;
			defaultConfigurationName = Release;
		};
		CE22F37D205A92B3005FDC00 /* Build configuration list for PBXNativeTarget "swiftCourseUITests" */ = {
			isa = XCConfigurationList;
			buildConfigurations = (
				CE22F37E205A92B3005FDC00 /* Debug */,
				CE22F37F205A92B3005FDC00 /* Release */,
			);
			defaultConfigurationIsVisible = 0;
			defaultConfigurationName = Release;
		};
/* End XCConfigurationList section */

/* Begin XCVersionGroup section */
		CE22F356205A92B2005FDC00 /* swiftCourse.xcdatamodeld */ = {
			isa = XCVersionGroup;
			children = (
				CE22F357205A92B2005FDC00 /* swiftCourse.xcdatamodel */,
			);
			currentVersion = CE22F357205A92B2005FDC00 /* swiftCourse.xcdatamodel */;
			path = swiftCourse.xcdatamodeld;
			sourceTree = "<group>";
			versionGroupType = wrapper.xcdatamodel;
		};
/* End XCVersionGroup section */
	};
	rootObject = CE22F344205A92B2005FDC00 /* Project object */;
}
